
Microsoft Visual Studio Solution File, Format Version 12.00
# Visual Studio Version 17
VisualStudioVersion = 17.13.35825.156
MinimumVisualStudioVersion = 10.0.40219.1
Project("{2150E333-8FDC-42A3-9474-1A3956D46DE8}") = "Core", "Core", "{02EA681E-C7D8-13C7-8484-4AC65E1B71E8}"
EndProject
Project("{2150E333-8FDC-42A3-9474-1A3956D46DE8}") = "Infrastructure", "Infrastructure", "{9536A69E-CB07-408B-A807-79AD3F10BAB6}"
EndProject
Project("{FAE04EC0-301F-11D3-BF4B-00C04F79EFBC}") = "Vein360.API", "Vein360.API\Vein360.API.csproj", "{796350C4-2EA8-58DA-746E-B432BC569CD3}"
EndProject
Project("{FAE04EC0-301F-11D3-BF4B-00C04F79EFBC}") = "Vein360.Persistence", "Vein360.Persistence\Vein360.Persistence.csproj", "{970606CB-FE95-0F4C-27E5-D847A3B33A7F}"
EndProject
Project("{FAE04EC0-301F-11D3-BF4B-00C04F79EFBC}") = "Vein360.Shipment", "Vein360.Shipment\Vein360.Shipment.csproj", "{E20947D7-19CB-6B77-6BF6-47DB7F74C27E}"
EndProject
Project("{FAE04EC0-301F-11D3-BF4B-00C04F79EFBC}") = "Vein360.Storage", "Vein360.Storage\Vein360.Storage.csproj", "{DD65AF59-5898-9CEF-7AA1-224E300C6B38}"
EndProject
Project("{FAE04EC0-301F-11D3-BF4B-00C04F79EFBC}") = "Vien360.Domain", "Vien360.Domain\Vien360.Domain.csproj", "{780498C3-7461-5F46-7DC6-BE124AC5CB90}"
EndProject
Project("{FAE04EC0-301F-11D3-BF4B-00C04F79EFBC}") = "Vein360.Application", "Vein360.Application\Vein360.Application.csproj", "{D2C33F9F-7A40-9905-C5E4-033FE9988FE5}"
EndProject
Global
	GlobalSection(SolutionConfigurationPlatforms) = preSolution
		Debug|Any CPU = Debug|Any CPU
		Release|Any CPU = Release|Any CPU
	EndGlobalSection
	GlobalSection(ProjectConfigurationPlatforms) = postSolution
		{796350C4-2EA8-58DA-746E-B432BC569CD3}.Debug|Any CPU.ActiveCfg = Debug|Any CPU
		{796350C4-2EA8-58DA-746E-B432BC569CD3}.Debug|Any CPU.Build.0 = Debug|Any CPU
		{796350C4-2EA8-58DA-746E-B432BC569CD3}.Release|Any CPU.ActiveCfg = Release|Any CPU
		{796350C4-2EA8-58DA-746E-B432BC569CD3}.Release|Any CPU.Build.0 = Release|Any CPU
		{970606CB-FE95-0F4C-27E5-D847A3B33A7F}.Debug|Any CPU.ActiveCfg = Debug|Any CPU
		{970606CB-FE95-0F4C-27E5-D847A3B33A7F}.Debug|Any CPU.Build.0 = Debug|Any CPU
		{970606CB-FE95-0F4C-27E5-D847A3B33A7F}.Release|Any CPU.ActiveCfg = Release|Any CPU
		{970606CB-FE95-0F4C-27E5-D847A3B33A7F}.Release|Any CPU.Build.0 = Release|Any CPU
		{E20947D7-19CB-6B77-6BF6-47DB7F74C27E}.Debug|Any CPU.ActiveCfg = Debug|Any CPU
		{E20947D7-19CB-6B77-6BF6-47DB7F74C27E}.Debug|Any CPU.Build.0 = Debug|Any CPU
		{E20947D7-19CB-6B77-6BF6-47DB7F74C27E}.Release|Any CPU.ActiveCfg = Release|Any CPU
		{E20947D7-19CB-6B77-6BF6-47DB7F74C27E}.Release|Any CPU.Build.0 = Release|Any CPU
		{DD65AF59-5898-9CEF-7AA1-224E300C6B38}.Debug|Any CPU.ActiveCfg = Debug|Any CPU
		{DD65AF59-5898-9CEF-7AA1-224E300C6B38}.Debug|Any CPU.Build.0 = Debug|Any CPU
		{DD65AF59-5898-9CEF-7AA1-224E300C6B38}.Release|Any CPU.ActiveCfg = Release|Any CPU
		{DD65AF59-5898-9CEF-7AA1-224E300C6B38}.Release|Any CPU.Build.0 = Release|Any CPU
		{780498C3-7461-5F46-7DC6-BE124AC5CB90}.Debug|Any CPU.ActiveCfg = Debug|Any CPU
		{780498C3-7461-5F46-7DC6-BE124AC5CB90}.Debug|Any CPU.Build.0 = Debug|Any CPU
		{780498C3-7461-5F46-7DC6-BE124AC5CB90}.Release|Any CPU.ActiveCfg = Release|Any CPU
		{780498C3-7461-5F46-7DC6-BE124AC5CB90}.Release|Any CPU.Build.0 = Release|Any CPU
		{D2C33F9F-7A40-9905-C5E4-033FE9988FE5}.Debug|Any CPU.ActiveCfg = Debug|Any CPU
		{D2C33F9F-7A40-9905-C5E4-033FE9988FE5}.Debug|Any CPU.Build.0 = Debug|Any CPU
		{D2C33F9F-7A40-9905-C5E4-033FE9988FE5}.Release|Any CPU.ActiveCfg = Release|Any CPU
		{D2C33F9F-7A40-9905-C5E4-033FE9988FE5}.Release|Any CPU.Build.0 = Release|Any CPU
	EndGlobalSection
	GlobalSection(SolutionProperties) = preSolution
		HideSolutionNode = FALSE
	EndGlobalSection
	GlobalSection(NestedProjects) = preSolution
		{970606CB-FE95-0F4C-27E5-D847A3B33A7F} = {9536A69E-CB07-408B-A807-79AD3F10BAB6}
		{E20947D7-19CB-6B77-6BF6-47DB7F74C27E} = {9536A69E-CB07-408B-A807-79AD3F10BAB6}
		{DD65AF59-5898-9CEF-7AA1-224E300C6B38} = {9536A69E-CB07-408B-A807-79AD3F10BAB6}
		{780498C3-7461-5F46-7DC6-BE124AC5CB90} = {02EA681E-C7D8-13C7-8484-4AC65E1B71E8}
		{D2C33F9F-7A40-9905-C5E4-033FE9988FE5} = {02EA681E-C7D8-13C7-8484-4AC65E1B71E8}
	EndGlobalSection
	GlobalSection(ExtensibilityGlobals) = postSolution
		SolutionGuid = {71C734EF-2230-4760-B045-30694153A491}
	EndGlobalSection
EndGlobal
