
Microsoft Visual Studio Solution File, Format Version 12.00
# Visual Studio Version 17
VisualStudioVersion = 17.13.35825.156
MinimumVisualStudioVersion = 10.0.40219.1
Project("{FAE04EC0-301F-11D3-BF4B-00C04F79EFBC}") = "Vein360.API", "Vein360.API\Vein360.API.csproj", "{990A67B5-D640-CE8D-54DD-3EB9F334F1D1}"
EndProject
Project("{2150E333-8FDC-42A3-9474-1A3956D46DE8}") = "Core", "Core", "{02EA681E-C7D8-13C7-8484-4AC65E1B71E8}"
EndProject
Project("{2150E333-8FDC-42A3-9474-1A3956D46DE8}") = "Infrastructure", "Infrastructure", "{67A32C33-0D78-4A48-BA18-2D36E487FAC6}"
EndProject
Project("{FAE04EC0-301F-11D3-BF4B-00C04F79EFBC}") = "Vein360.Application", "Vein360.Application\Vein360.Application.csproj", "{D2C33F9F-7A40-9905-C5E4-033FE9988FE5}"
EndProject
Project("{FAE04EC0-301F-11D3-BF4B-00C04F79EFBC}") = "Vien360.Domain", "Vien360.Domain\Vien360.Domain.csproj", "{780498C3-7461-5F46-7DC6-BE124AC5CB90}"
EndProject
Project("{FAE04EC0-301F-11D3-BF4B-00C04F79EFBC}") = "Vein360.Persistence", "Vein360.Persistence\Vein360.Persistence.csproj", "{970606CB-FE95-0F4C-27E5-D847A3B33A7F}"
EndProject
Project("{FAE04EC0-301F-11D3-BF4B-00C04F79EFBC}") = "Vein360.Shipment", "Vein360.Shipment\Vein360.Shipment.csproj", "{E20947D7-19CB-6B77-6BF6-47DB7F74C27E}"
EndProject
Project("{FAE04EC0-301F-11D3-BF4B-00C04F79EFBC}") = "Vein360.Storage", "Vein360.Storage\Vein360.Storage.csproj", "{DD65AF59-5898-9CEF-7AA1-224E300C6B38}"
EndProject
Global
	GlobalSection(SolutionConfigurationPlatforms) = preSolution
		Debug|Any CPU = Debug|Any CPU
		Release|Any CPU = Release|Any CPU
	EndGlobalSection
	GlobalSection(ProjectConfigurationPlatforms) = postSolution
		{990A67B5-D640-CE8D-54DD-3EB9F334F1D1}.Debug|Any CPU.ActiveCfg = Debug|Any CPU
		{990A67B5-D640-CE8D-54DD-3EB9F334F1D1}.Debug|Any CPU.Build.0 = Debug|Any CPU
		{990A67B5-D640-CE8D-54DD-3EB9F334F1D1}.Release|Any CPU.ActiveCfg = Release|Any CPU
		{990A67B5-D640-CE8D-54DD-3EB9F334F1D1}.Release|Any CPU.Build.0 = Release|Any CPU
		{D2C33F9F-7A40-9905-C5E4-033FE9988FE5}.Debug|Any CPU.ActiveCfg = Debug|Any CPU
		{D2C33F9F-7A40-9905-C5E4-033FE9988FE5}.Debug|Any CPU.Build.0 = Debug|Any CPU
		{D2C33F9F-7A40-9905-C5E4-033FE9988FE5}.Release|Any CPU.ActiveCfg = Release|Any CPU
		{D2C33F9F-7A40-9905-C5E4-033FE9988FE5}.Release|Any CPU.Build.0 = Release|Any CPU
		{780498C3-7461-5F46-7DC6-BE124AC5CB90}.Debug|Any CPU.ActiveCfg = Debug|Any CPU
		{780498C3-7461-5F46-7DC6-BE124AC5CB90}.Debug|Any CPU.Build.0 = Debug|Any CPU
		{780498C3-7461-5F46-7DC6-BE124AC5CB90}.Release|Any CPU.ActiveCfg = Release|Any CPU
		{780498C3-7461-5F46-7DC6-BE124AC5CB90}.Release|Any CPU.Build.0 = Release|Any CPU
		{970606CB-FE95-0F4C-27E5-D847A3B33A7F}.Debug|Any CPU.ActiveCfg = Debug|Any CPU
		{970606CB-FE95-0F4C-27E5-D847A3B33A7F}.Debug|Any CPU.Build.0 = Debug|Any CPU
		{970606CB-FE95-0F4C-27E5-D847A3B33A7F}.Release|Any CPU.ActiveCfg = Release|Any CPU
		{970606CB-FE95-0F4C-27E5-D847A3B33A7F}.Release|Any CPU.Build.0 = Release|Any CPU
		{E20947D7-19CB-6B77-6BF6-47DB7F74C27E}.Debug|Any CPU.ActiveCfg = Debug|Any CPU
		{E20947D7-19CB-6B77-6BF6-47DB7F74C27E}.Debug|Any CPU.Build.0 = Debug|Any CPU
		{E20947D7-19CB-6B77-6BF6-47DB7F74C27E}.Release|Any CPU.ActiveCfg = Release|Any CPU
		{E20947D7-19CB-6B77-6BF6-47DB7F74C27E}.Release|Any CPU.Build.0 = Release|Any CPU
		{DD65AF59-5898-9CEF-7AA1-224E300C6B38}.Debug|Any CPU.ActiveCfg = Debug|Any CPU
		{DD65AF59-5898-9CEF-7AA1-224E300C6B38}.Debug|Any CPU.Build.0 = Debug|Any CPU
		{DD65AF59-5898-9CEF-7AA1-224E300C6B38}.Release|Any CPU.ActiveCfg = Release|Any CPU
		{DD65AF59-5898-9CEF-7AA1-224E300C6B38}.Release|Any CPU.Build.0 = Release|Any CPU
	EndGlobalSection
	GlobalSection(SolutionProperties) = preSolution
		HideSolutionNode = FALSE
	EndGlobalSection
	GlobalSection(NestedProjects) = preSolution
		{D2C33F9F-7A40-9905-C5E4-033FE9988FE5} = {02EA681E-C7D8-13C7-8484-4AC65E1B71E8}
		{780498C3-7461-5F46-7DC6-BE124AC5CB90} = {02EA681E-C7D8-13C7-8484-4AC65E1B71E8}
		{970606CB-FE95-0F4C-27E5-D847A3B33A7F} = {67A32C33-0D78-4A48-BA18-2D36E487FAC6}
		{E20947D7-19CB-6B77-6BF6-47DB7F74C27E} = {67A32C33-0D78-4A48-BA18-2D36E487FAC6}
		{DD65AF59-5898-9CEF-7AA1-224E300C6B38} = {67A32C33-0D78-4A48-BA18-2D36E487FAC6}
	EndGlobalSection
	GlobalSection(ExtensibilityGlobals) = postSolution
		SolutionGuid = {4D157CF0-25D6-4C15-80A5-79872A191FED}
	EndGlobalSection
EndGlobal
